
Microsoft Visual Studio Solution File, Format Version 12.00
# Visual Studio Version 17
VisualStudioVersion = 17.14.37411.7
MinimumVisualStudioVersion = 10.0.40219.1
Project("{2150E333-8FDC-42A3-9474-1A3956D46DE8}") = "API", "API", "{02EA681E-C7D8-13C7-8484-4AC65E1B71E8}"
EndProject
Project("{2150E333-8FDC-42A3-9474-1A3956D46DE8}") = "Domain", "Domain", "{D1D69F57-F602-4C8D-B928-29C30A8EA8D0}"
EndProject
Project("{2150E333-8FDC-42A3-9474-1A3956D46DE8}") = "Application", "Application", "{8745EE4D-4BBB-4B55-9AA7-3577099C359D}"
EndProject
Project("{2150E333-8FDC-42A3-9474-1A3956D46DE8}") = "Infrastructure", "Infrastructure", "{EC83C7B9-5DCB-46F3-B8E7-6F1112023F43}"
EndProject
Project("{2150E333-8FDC-42A3-9474-1A3956D46DE8}") = "Tests", "Tests", "{877927B2-76E2-4F46-AEE4-96ADCD0B0ECF}"
EndProject
Project("{FAE04EC0-301F-11D3-BF4B-00C04F79EFBC}") = "MFMFMS.Application", "MFMFMS.Application\MFMFMS.Application.csproj", "{BDFA5E7C-354B-4355-B544-CAB673EFA9AA}"
EndProject
Project("{FAE04EC0-301F-11D3-BF4B-00C04F79EFBC}") = "MFMFMS.Domain", "MFMFMS.Domain\MFMFMS.Domain.csproj", "{2E6F1FBC-8A03-4A34-B8EE-43388478241D}"
EndProject
Project("{FAE04EC0-301F-11D3-BF4B-00C04F79EFBC}") = "MFMFMS.Infrastructure", "MFMFMS.Infrastructure\MFMFMS.Infrastructure.csproj", "{B8ECB00E-DD25-46FE-97E2-137EEDF2EE63}"
EndProject
Project("{FAE04EC0-301F-11D3-BF4B-00C04F79EFBC}") = "MFMFMS.Test", "MFMFMS.Test\MFMFMS.Test.csproj", "{E98C2540-E73C-4BDB-BA98-236941F5C9D0}"
EndProject
Project("{FAE04EC0-301F-11D3-BF4B-00C04F79EFBC}") = "MFMFMS.API", "MFMFMS.API\MFMFMS.API.csproj", "{12304D05-EC9A-4384-A332-BE90E1011D49}"
EndProject
Project("{2150E333-8FDC-42A3-9474-1A3956D46DE8}") = "Persistence", "Persistence", "{E30C66F1-4C19-412F-B74D-08B1BA7A0D90}"
EndProject
Project("{FAE04EC0-301F-11D3-BF4B-00C04F79EFBC}") = "MFMFMS.Persistence", "MFMFMS.Persistence\MFMFMS.Persistence.csproj", "{D8B74558-2AD8-4428-810E-0CDB6732D4B5}"
EndProject
Project("{2150E333-8FDC-42A3-9474-1A3956D46DE8}") = "Solution Items", "Solution Items", "{6B45D650-3463-43DB-A55A-071F10496A4B}"
	ProjectSection(SolutionItems) = preProject
		.env = .env
	EndProjectSection
EndProject
Project("{2150E333-8FDC-42A3-9474-1A3956D46DE8}") = "Security", "Security", "{E6804498-A873-4837-9AFC-8AE2BF3A3729}"
EndProject
Project("{FAE04EC0-301F-11D3-BF4B-00C04F79EFBC}") = "MFMFMS.Security", "MFMFMS.Security\MFMFMS.Security.csproj", "{50E67BCD-23E1-4613-A29D-24591F9E58CF}"
EndProject
Global
	GlobalSection(SolutionConfigurationPlatforms) = preSolution
		Debug|Any CPU = Debug|Any CPU
		Release|Any CPU = Release|Any CPU
	EndGlobalSection
	GlobalSection(ProjectConfigurationPlatforms) = postSolution
		{BDFA5E7C-354B-4355-B544-CAB673EFA9AA}.Debug|Any CPU.ActiveCfg = Debug|Any CPU
		{BDFA5E7C-354B-4355-B544-CAB673EFA9AA}.Debug|Any CPU.Build.0 = Debug|Any CPU
		{BDFA5E7C-354B-4355-B544-CAB673EFA9AA}.Release|Any CPU.ActiveCfg = Release|Any CPU
		{BDFA5E7C-354B-4355-B544-CAB673EFA9AA}.Release|Any CPU.Build.0 = Release|Any CPU
		{2E6F1FBC-8A03-4A34-B8EE-43388478241D}.Debug|Any CPU.ActiveCfg = Debug|Any CPU
		{2E6F1FBC-8A03-4A34-B8EE-43388478241D}.Debug|Any CPU.Build.0 = Debug|Any CPU
		{2E6F1FBC-8A03-4A34-B8EE-43388478241D}.Release|Any CPU.ActiveCfg = Release|Any CPU
		{2E6F1FBC-8A03-4A34-B8EE-43388478241D}.Release|Any CPU.Build.0 = Release|Any CPU
		{B8ECB00E-DD25-46FE-97E2-137EEDF2EE63}.Debug|Any CPU.ActiveCfg = Debug|Any CPU
		{B8ECB00E-DD25-46FE-97E2-137EEDF2EE63}.Debug|Any CPU.Build.0 = Debug|Any CPU
		{B8ECB00E-DD25-46FE-97E2-137EEDF2EE63}.Release|Any CPU.ActiveCfg = Release|Any CPU
		{B8ECB00E-DD25-46FE-97E2-137EEDF2EE63}.Release|Any CPU.Build.0 = Release|Any CPU
		{E98C2540-E73C-4BDB-BA98-236941F5C9D0}.Debug|Any CPU.ActiveCfg = Debug|Any CPU
		{E98C2540-E73C-4BDB-BA98-236941F5C9D0}.Debug|Any CPU.Build.0 = Debug|Any CPU
		{E98C2540-E73C-4BDB-BA98-236941F5C9D0}.Release|Any CPU.ActiveCfg = Release|Any CPU
		{E98C2540-E73C-4BDB-BA98-236941F5C9D0}.Release|Any CPU.Build.0 = Release|Any CPU
		{12304D05-EC9A-4384-A332-BE90E1011D49}.Debug|Any CPU.ActiveCfg = Debug|Any CPU
		{12304D05-EC9A-4384-A332-BE90E1011D49}.Debug|Any CPU.Build.0 = Debug|Any CPU
		{12304D05-EC9A-4384-A332-BE90E1011D49}.Release|Any CPU.ActiveCfg = Release|Any CPU
		{12304D05-EC9A-4384-A332-BE90E1011D49}.Release|Any CPU.Build.0 = Release|Any CPU
		{D8B74558-2AD8-4428-810E-0CDB6732D4B5}.Debug|Any CPU.ActiveCfg = Debug|Any CPU
		{D8B74558-2AD8-4428-810E-0CDB6732D4B5}.Debug|Any CPU.Build.0 = Debug|Any CPU
		{D8B74558-2AD8-4428-810E-0CDB6732D4B5}.Release|Any CPU.ActiveCfg = Release|Any CPU
		{D8B74558-2AD8-4428-810E-0CDB6732D4B5}.Release|Any CPU.Build.0 = Release|Any CPU
		{50E67BCD-23E1-4613-A29D-24591F9E58CF}.Debug|Any CPU.ActiveCfg = Debug|Any CPU
		{50E67BCD-23E1-4613-A29D-24591F9E58CF}.Debug|Any CPU.Build.0 = Debug|Any CPU
		{50E67BCD-23E1-4613-A29D-24591F9E58CF}.Release|Any CPU.ActiveCfg = Release|Any CPU
		{50E67BCD-23E1-4613-A29D-24591F9E58CF}.Release|Any CPU.Build.0 = Release|Any CPU
	EndGlobalSection
	GlobalSection(SolutionProperties) = preSolution
		HideSolutionNode = FALSE
	EndGlobalSection
	GlobalSection(NestedProjects) = preSolution
		{BDFA5E7C-354B-4355-B544-CAB673EFA9AA} = {8745EE4D-4BBB-4B55-9AA7-3577099C359D}
		{2E6F1FBC-8A03-4A34-B8EE-43388478241D} = {D1D69F57-F602-4C8D-B928-29C30A8EA8D0}
		{B8ECB00E-DD25-46FE-97E2-137EEDF2EE63} = {EC83C7B9-5DCB-46F3-B8E7-6F1112023F43}
		{E98C2540-E73C-4BDB-BA98-236941F5C9D0} = {877927B2-76E2-4F46-AEE4-96ADCD0B0ECF}
		{12304D05-EC9A-4384-A332-BE90E1011D49} = {02EA681E-C7D8-13C7-8484-4AC65E1B71E8}
		{D8B74558-2AD8-4428-810E-0CDB6732D4B5} = {E30C66F1-4C19-412F-B74D-08B1BA7A0D90}
		{50E67BCD-23E1-4613-A29D-24591F9E58CF} = {E6804498-A873-4837-9AFC-8AE2BF3A3729}
	EndGlobalSection
	GlobalSection(ExtensibilityGlobals) = postSolution
		SolutionGuid = {24AD681D-3A7F-4188-B32B-E1A4A4699084}
	EndGlobalSection
EndGlobal
